// !$*UTF8*$!
{
	archiveVersion = 1;
	classes = {
	};
	objectVersion = 55;
	objects = {

/* Begin PBXBuildFile section */
		84C5325B281ABF910041EF07 /* ScrapbookApp.swift in Sources */ = {isa = PBXBuildFile; fileRef = 84C5325A281ABF910041EF07 /* ScrapbookApp.swift */; };
		84C5325D281ABF910041EF07 /* ContentView.swift in Sources */ = {isa = PBXBuildFile; fileRef = 84C5325C281ABF910041EF07 /* ContentView.swift */; };
		84C5325F281ABF920041EF07 /* Assets.xcassets in Resources */ = {isa = PBXBuildFile; fileRef = 84C5325E281ABF920041EF07 /* Assets.xcassets */; };
		84C53262281ABF920041EF07 /* Preview Assets.xcassets in Resources */ = {isa = PBXBuildFile; fileRef = 84C53261281ABF920041EF07 /* Preview Assets.xcassets */; };
		84C5326C281ABF920041EF07 /* ScrapbookTests.swift in Sources */ = {isa = PBXBuildFile; fileRef = 84C5326B281ABF920041EF07 /* ScrapbookTests.swift */; };
		84C53276281ABF920041EF07 /* ScrapbookUITests.swift in Sources */ = {isa = PBXBuildFile; fileRef = 84C53275281ABF920041EF07 /* ScrapbookUITests.swift */; };
		84C53278281ABF920041EF07 /* ScrapbookUITestsLaunchTests.swift in Sources */ = {isa = PBXBuildFile; fileRef = 84C53277281ABF920041EF07 /* ScrapbookUITestsLaunchTests.swift */; };
		84C53285281AC1070041EF07 /* WebView.swift in Sources */ = {isa = PBXBuildFile; fileRef = 84C53284281AC1070041EF07 /* WebView.swift */; };
		84C53287281AC3DE0041EF07 /* MainPageView.swift in Sources */ = {isa = PBXBuildFile; fileRef = 84C53286281AC3DE0041EF07 /* MainPageView.swift */; };
/* End PBXBuildFile section */

/* Begin PBXContainerItemProxy section */
		84C53268281ABF920041EF07 /* PBXContainerItemProxy */ = {
			isa = PBXContainerItemProxy;
			containerPortal = 84C5324F281ABF910041EF07 /* Project object */;
			proxyType = 1;
			remoteGlobalIDString = 84C53256281ABF910041EF07;
			remoteInfo = Scrapbook;
		};
		84C53272281ABF920041EF07 /* PBXContainerItemProxy */ = {
			isa = PBXContainerItemProxy;
			containerPortal = 84C5324F281ABF910041EF07 /* Project object */;
			proxyType = 1;
			remoteGlobalIDString = 84C53256281ABF910041EF07;
			remoteInfo = Scrapbook;
		};
/* End PBXContainerItemProxy section */

/* Begin PBXFileReference section */
		84C53257281ABF910041EF07 /* Scrapbook.app */ = {isa = PBXFileReference; explicitFileType = wrapper.application; includeInIndex = 0; path = Scrapbook.app; sourceTree = BUILT_PRODUCTS_DIR; };
		84C5325A281ABF910041EF07 /* ScrapbookApp.swift */ = {isa = PBXFileReference; lastKnownFileType = sourcecode.swift; path = ScrapbookApp.swift; sourceTree = "<group>"; };
		84C5325C281ABF910041EF07 /* ContentView.swift */ = {isa = PBXFileReference; lastKnownFileType = sourcecode.swift; path = ContentView.swift; sourceTree = "<group>"; };
		84C5325E281ABF920041EF07 /* Assets.xcassets */ = {isa = PBXFileReference; lastKnownFileType = folder.assetcatalog; path = Assets.xcassets; sourceTree = "<group>"; };
		84C53261281ABF920041EF07 /* Preview Assets.xcassets */ = {isa = PBXFileReference; lastKnownFileType = folder.assetcatalog; path = "Preview Assets.xcassets"; sourceTree = "<group>"; };
		84C53267281ABF920041EF07 /* ScrapbookTests.xctest */ = {isa = PBXFileReference; explicitFileType = wrapper.cfbundle; includeInIndex = 0; path = ScrapbookTests.xctest; sourceTree = BUILT_PRODUCTS_DIR; };
		84C5326B281ABF920041EF07 /* ScrapbookTests.swift */ = {isa = PBXFileReference; lastKnownFileType = sourcecode.swift; path = ScrapbookTests.swift; sourceTree = "<group>"; };
		84C53271281ABF920041EF07 /* ScrapbookUITests.xctest */ = {isa = PBXFileReference; explicitFileType = wrapper.cfbundle; includeInIndex = 0; path = ScrapbookUITests.xctest; sourceTree = BUILT_PRODUCTS_DIR; };
		84C53275281ABF920041EF07 /* ScrapbookUITests.swift */ = {isa = PBXFileReference; lastKnownFileType = sourcecode.swift; path = ScrapbookUITests.swift; sourceTree = "<group>"; };
		84C53277281ABF920041EF07 /* ScrapbookUITestsLaunchTests.swift */ = {isa = PBXFileReference; lastKnownFileType = sourcecode.swift; path = ScrapbookUITestsLaunchTests.swift; sourceTree = "<group>"; };
		84C53284281AC1070041EF07 /* WebView.swift */ = {isa = PBXFileReference; lastKnownFileType = sourcecode.swift; path = WebView.swift; sourceTree = "<group>"; };
		84C53286281AC3DE0041EF07 /* MainPageView.swift */ = {isa = PBXFileReference; lastKnownFileType = sourcecode.swift; path = MainPageView.swift; sourceTree = "<group>"; };
/* End PBXFileReference section */

/* Begin PBXFrameworksBuildPhase section */
		84C53254281ABF910041EF07 /* Frameworks */ = {
			isa = PBXFrameworksBuildPhase;
			buildActionMask = 2147483647;
			files = (
			);
			runOnlyForDeploymentPostprocessing = 0;
		};
		84C53264281ABF920041EF07 /* Frameworks */ = {
			isa = PBXFrameworksBuildPhase;
			buildActionMask = 2147483647;
			files = (
			);
			runOnlyForDeploymentPostprocessing = 0;
		};
		84C5326E281ABF920041EF07 /* Frameworks */ = {
			isa = PBXFrameworksBuildPhase;
			buildActionMask = 2147483647;
			files = (
			);
			runOnlyForDeploymentPostprocessing = 0;
		};
/* End PBXFrameworksBuildPhase section */

/* Begin PBXGroup section */
		84C5324E281ABF910041EF07 = {
			isa = PBXGroup;
			children = (
				84C53259281ABF910041EF07 /* Scrapbook */,
				84C5326A281ABF920041EF07 /* ScrapbookTests */,
				84C53274281ABF920041EF07 /* ScrapbookUITests */,
				84C53258281ABF910041EF07 /* Products */,
			);
			sourceTree = "<group>";
		};
		84C53258281ABF910041EF07 /* Products */ = {
			isa = PBXGroup;
			children = (
				84C53257281ABF910041EF07 /* Scrapbook.app */,
				84C53267281ABF920041EF07 /* ScrapbookTests.xctest */,
				84C53271281ABF920041EF07 /* ScrapbookUITests.xctest */,
			);
			name = Products;
			sourceTree = "<group>";
		};
		84C53259281ABF910041EF07 /* Scrapbook */ = {
			isa = PBXGroup;
			children = (
				84C5325A281ABF910041EF07 /* ScrapbookApp.swift */,
				84C53284281AC1070041EF07 /* WebView.swift */,
				84C53286281AC3DE0041EF07 /* MainPageView.swift */,
				84C5325C281ABF910041EF07 /* ContentView.swift */,
				84C5325E281ABF920041EF07 /* Assets.xcassets */,
				84C53260281ABF920041EF07 /* Preview Content */,
			);
			path = Scrapbook;
			sourceTree = "<group>";
		};
		84C53260281ABF920041EF07 /* Preview Content */ = {
			isa = PBXGroup;
			children = (
				84C53261281ABF920041EF07 /* Preview Assets.xcassets */,
			);
			path = "Preview Content";
			sourceTree = "<group>";
		};
		84C5326A281ABF920041EF07 /* ScrapbookTests */ = {
			isa = PBXGroup;
			children = (
				84C5326B281ABF920041EF07 /* ScrapbookTests.swift */,
			);
			path = ScrapbookTests;
			sourceTree = "<group>";
		};
		84C53274281ABF920041EF07 /* ScrapbookUITests */ = {
			isa = PBXGroup;
			children = (
				84C53275281ABF920041EF07 /* ScrapbookUITests.swift */,
				84C53277281ABF920041EF07 /* ScrapbookUITestsLaunchTests.swift */,
			);
			path = ScrapbookUITests;
			sourceTree = "<group>";
		};
/* End PBXGroup section */

/* Begin PBXNativeTarget section */
		84C53256281ABF910041EF07 /* Scrapbook */ = {
			isa = PBXNativeTarget;
			buildConfigurationList = 84C5327B281ABF920041EF07 /* Build configuration list for PBXNativeTarget "Scrapbook" */;
			buildPhases = (
				84C53253281ABF910041EF07 /* Sources */,
				84C53254281ABF910041EF07 /* Frameworks */,
				84C53255281ABF910041EF07 /* Resources */,
			);
			buildRules = (
			);
			dependencies = (
			);
			name = Scrapbook;
			productName = Scrapbook;
			productReference = 84C53257281ABF910041EF07 /* Scrapbook.app */;
			productType = "com.apple.product-type.application";
		};
		84C53266281ABF920041EF07 /* ScrapbookTests */ = {
			isa = PBXNativeTarget;
			buildConfigurationList = 84C5327E281ABF920041EF07 /* Build configuration list for PBXNativeTarget "ScrapbookTests" */;
			buildPhases = (
				84C53263281ABF920041EF07 /* Sources */,
				84C53264281ABF920041EF07 /* Frameworks */,
				84C53265281ABF920041EF07 /* Resources */,
			);
			buildRules = (
			);
			dependencies = (
				84C53269281ABF920041EF07 /* PBXTargetDependency */,
			);
			name = ScrapbookTests;
			productName = ScrapbookTests;
			productReference = 84C53267281ABF920041EF07 /* ScrapbookTests.xctest */;
			productType = "com.apple.product-type.bundle.unit-test";
		};
		84C53270281ABF920041EF07 /* ScrapbookUITests */ = {
			isa = PBXNativeTarget;
			buildConfigurationList = 84C53281281ABF920041EF07 /* Build configuration list for PBXNativeTarget "ScrapbookUITests" */;
			buildPhases = (
				84C5326D281ABF920041EF07 /* Sources */,
				84C5326E281ABF920041EF07 /* Frameworks */,
				84C5326F281ABF920041EF07 /* Resources */,
			);
			buildRules = (
			);
			dependencies = (
				84C53273281ABF920041EF07 /* PBXTargetDependency */,
			);
			name = ScrapbookUITests;
			productName = ScrapbookUITests;
			productReference = 84C53271281ABF920041EF07 /* ScrapbookUITests.xctest */;
			productType = "com.apple.product-type.bundle.ui-testing";
		};
/* End PBXNativeTarget section */

/* Begin PBXProject section */
		84C5324F281ABF910041EF07 /* Project object */ = {
			isa = PBXProject;
			attributes = {
				BuildIndependentTargetsInParallel = 1;
				LastSwiftUpdateCheck = 1330;
				LastUpgradeCheck = 1330;
				TargetAttributes = {
					84C53256281ABF910041EF07 = {
						CreatedOnToolsVersion = 13.3;
					};
					84C53266281ABF920041EF07 = {
						CreatedOnToolsVersion = 13.3;
						TestTargetID = 84C53256281ABF910041EF07;
					};
					84C53270281ABF920041EF07 = {
						CreatedOnToolsVersion = 13.3;
						TestTargetID = 84C53256281ABF910041EF07;
					};
				};
			};
			buildConfigurationList = 84C53252281ABF910041EF07 /* Build configuration list for PBXProject "Scrapbook" */;
			compatibilityVersion = "Xcode 13.0";
			developmentRegion = en;
			hasScannedForEncodings = 0;
			knownRegions = (
				en,
				Base,
			);
			mainGroup = 84C5324E281ABF910041EF07;
			productRefGroup = 84C53258281ABF910041EF07 /* Products */;
			projectDirPath = "";
			projectRoot = "";
			targets = (
				84C53256281ABF910041EF07 /* Scrapbook */,
				84C53266281ABF920041EF07 /* ScrapbookTests */,
				84C53270281ABF920041EF07 /* ScrapbookUITests */,
			);
		};
/* End PBXProject section */

/* Begin PBXResourcesBuildPhase section */
		84C53255281ABF910041EF07 /* Resources */ = {
			isa = PBXResourcesBuildPhase;
			buildActionMask = 2147483647;
			files = (
				84C53262281ABF920041EF07 /* Preview Assets.xcassets in Resources */,
				84C5325F281ABF920041EF07 /* Assets.xcassets in Resources */,
			);
			runOnlyForDeploymentPostprocessing = 0;
		};
		84C53265281ABF920041EF07 /* Resources */ = {
			isa = PBXResourcesBuildPhase;
			buildActionMask = 2147483647;
			files = (
			);
			runOnlyForDeploymentPostprocessing = 0;
		};
		84C5326F281ABF920041EF07 /* Resources */ = {
			isa = PBXResourcesBuildPhase;
			buildActionMask = 2147483647;
			files = (
			);
			runOnlyForDeploymentPostprocessing = 0;
		};
/* End PBXResourcesBuildPhase section */

/* Begin PBXSourcesBuildPhase section */
		84C53253281ABF910041EF07 /* Sources */ = {
			isa = PBXSourcesBuildPhase;
			buildActionMask = 2147483647;
			files = (
				84C53285281AC1070041EF07 /* WebView.swift in Sources */,
				84C5325D281ABF910041EF07 /* ContentView.swift in Sources */,
				84C53287281AC3DE0041EF07 /* MainPageView.swift in Sources */,
				84C5325B281ABF910041EF07 /* ScrapbookApp.swift in Sources */,
			);
			runOnlyForDeploymentPostprocessing = 0;
		};
		84C53263281ABF920041EF07 /* Sources */ = {
			isa = PBXSourcesBuildPhase;
			buildActionMask = 2147483647;
			files = (
				84C5326C281ABF920041EF07 /* ScrapbookTests.swift in Sources */,
			);
			runOnlyForDeploymentPostprocessing = 0;
		};
		84C5326D281ABF920041EF07 /* Sources */ = {
			isa = PBXSourcesBuildPhase;
			buildActionMask = 2147483647;
			files = (
				84C53276281ABF920041EF07 /* ScrapbookUITests.swift in Sources */,
				84C53278281ABF920041EF07 /* ScrapbookUITestsLaunchTests.swift in Sources */,
			);
			runOnlyForDeploymentPostprocessing = 0;
		};
/* End PBXSourcesBuildPhase section */

/* Begin PBXTargetDependency section */
		84C53269281ABF920041EF07 /* PBXTargetDependency */ = {
			isa = PBXTargetDependency;
			target = 84C53256281ABF910041EF07 /* Scrapbook */;
			targetProxy = 84C53268281ABF920041EF07 /* PBXContainerItemProxy */;
		};
		84C53273281ABF920041EF07 /* PBXTargetDependency */ = {
			isa = PBXTargetDependency;
			target = 84C53256281ABF910041EF07 /* Scrapbook */;
			targetProxy = 84C53272281ABF920041EF07 /* PBXContainerItemProxy */;
		};
/* End PBXTargetDependency section */

/* Begin XCBuildConfiguration section */
		84C53279281ABF920041EF07 /* Debug */ = {
			isa = XCBuildConfiguration;
			buildSettings = {
				ALWAYS_SEARCH_USER_PATHS = NO;
				CLANG_ANALYZER_NONNULL = YES;
				CLANG_ANALYZER_NUMBER_OBJECT_CONVERSION = YES_AGGRESSIVE;
				CLANG_CXX_LANGUAGE_STANDARD = "gnu++17";
				CLANG_ENABLE_MODULES = YES;
				CLANG_ENABLE_OBJC_ARC = YES;
				CLANG_ENABLE_OBJC_WEAK = YES;
				CLANG_WARN_BLOCK_CAPTURE_AUTORELEASING = YES;
				CLANG_WARN_BOOL_CONVERSION = YES;
				CLANG_WARN_COMMA = YES;
				CLANG_WARN_CONSTANT_CONVERSION = YES;
				CLANG_WARN_DEPRECATED_OBJC_IMPLEMENTATIONS = YES;
				CLANG_WARN_DIRECT_OBJC_ISA_USAGE = YES_ERROR;
				CLANG_WARN_DOCUMENTATION_COMMENTS = YES;
				CLANG_WARN_EMPTY_BODY = YES;
				CLANG_WARN_ENUM_CONVERSION = YES;
				CLANG_WARN_INFINITE_RECURSION = YES;
				CLANG_WARN_INT_CONVERSION = YES;
				CLANG_WARN_NON_LITERAL_NULL_CONVERSION = YES;
				CLANG_WARN_OBJC_IMPLICIT_RETAIN_SELF = YES;
				CLANG_WARN_OBJC_LITERAL_CONVERSION = YES;
				CLANG_WARN_OBJC_ROOT_CLASS = YES_ERROR;
				CLANG_WARN_QUOTED_INCLUDE_IN_FRAMEWORK_HEADER = YES;
				CLANG_WARN_RANGE_LOOP_ANALYSIS = YES;
				CLANG_WARN_STRICT_PROTOTYPES = YES;
				CLANG_WARN_SUSPICIOUS_MOVE = YES;
				CLANG_WARN_UNGUARDED_AVAILABILITY = YES_AGGRESSIVE;
				CLANG_WARN_UNREACHABLE_CODE = YES;
				CLANG_WARN__DUPLICATE_METHOD_MATCH = YES;
				COPY_PHASE_STRIP = NO;
				DEBUG_INFORMATION_FORMAT = dwarf;
				ENABLE_STRICT_OBJC_MSGSEND = YES;
				ENABLE_TESTABILITY = YES;
				GCC_C_LANGUAGE_STANDARD = gnu11;
				GCC_DYNAMIC_NO_PIC = NO;
				GCC_NO_COMMON_BLOCKS = YES;
				GCC_OPTIMIZATION_LEVEL = 0;
				GCC_PREPROCESSOR_DEFINITIONS = (
					"DEBUG=1",
					"$(inherited)",
				);
				GCC_WARN_64_TO_32_BIT_CONVERSION = YES;
				GCC_WARN_ABOUT_RETURN_TYPE = YES_ERROR;
				GCC_WARN_UNDECLARED_SELECTOR = YES;
				GCC_WARN_UNINITIALIZED_AUTOS = YES_AGGRESSIVE;
				GCC_WARN_UNUSED_FUNCTION = YES;
				GCC_WARN_UNUSED_VARIABLE = YES;
				IPHONEOS_DEPLOYMENT_TARGET = 15.4;
				MTL_ENABLE_DEBUG_INFO = INCLUDE_SOURCE;
				MTL_FAST_MATH = YES;
				ONLY_ACTIVE_ARCH = YES;
				SDKROOT = iphoneos;
				SWIFT_ACTIVE_COMPILATION_CONDITIONS = DEBUG;
				SWIFT_OPTIMIZATION_LEVEL = "-Onone";
			};
			name = Debug;
		};
		84C5327A281ABF920041EF07 /* Release */ = {
			isa = XCBuildConfiguration;
			buildSettings = {
				ALWAYS_SEARCH_USER_PATHS = NO;
				CLANG_ANALYZER_NONNULL = YES;
				CLANG_ANALYZER_NUMBER_OBJECT_CONVERSION = YES_AGGRESSIVE;
				CLANG_CXX_LANGUAGE_STANDARD = "gnu++17";
				CLANG_ENABLE_MODULES = YES;
				CLANG_ENABLE_OBJC_ARC = YES;
				CLANG_ENABLE_OBJC_WEAK = YES;
				CLANG_WARN_BLOCK_CAPTURE_AUTORELEASING = YES;
				CLANG_WARN_BOOL_CONVERSION = YES;
				CLANG_WARN_COMMA = YES;
				CLANG_WARN_CONSTANT_CONVERSION = YES;
				CLANG_WARN_DEPRECATED_OBJC_IMPLEMENTATIONS = YES;
				CLANG_WARN_DIRECT_OBJC_ISA_USAGE = YES_ERROR;
				CLANG_WARN_DOCUMENTATION_COMMENTS = YES;
				CLANG_WARN_EMPTY_BODY = YES;
				CLANG_WARN_ENUM_CONVERSION = YES;
				CLANG_WARN_INFINITE_RECURSION = YES;
				CLANG_WARN_INT_CONVERSION = YES;
				CLANG_WARN_NON_LITERAL_NULL_CONVERSION = YES;
				CLANG_WARN_OBJC_IMPLICIT_RETAIN_SELF = YES;
				CLANG_WARN_OBJC_LITERAL_CONVERSION = YES;
				CLANG_WARN_OBJC_ROOT_CLASS = YES_ERROR;
				CLANG_WARN_QUOTED_INCLUDE_IN_FRAMEWORK_HEADER = YES;
				CLANG_WARN_RANGE_LOOP_ANALYSIS = YES;
				CLANG_WARN_STRICT_PROTOTYPES = YES;
				CLANG_WARN_SUSPICIOUS_MOVE = YES;
				CLANG_WARN_UNGUARDED_AVAILABILITY = YES_AGGRESSIVE;
				CLANG_WARN_UNREACHABLE_CODE = YES;
				CLANG_WARN__DUPLICATE_METHOD_MATCH = YES;
				COPY_PHASE_STRIP = NO;
				DEBUG_INFORMATION_FORMAT = "dwarf-with-dsym";
				ENABLE_NS_ASSERTIONS = NO;
				ENABLE_STRICT_OBJC_MSGSEND = YES;
				GCC_C_LANGUAGE_STANDARD = gnu11;
				GCC_NO_COMMON_BLOCKS = YES;
				GCC_WARN_64_TO_32_BIT_CONVERSION = YES;
				GCC_WARN_ABOUT_RETURN_TYPE = YES_ERROR;
				GCC_WARN_UNDECLARED_SELECTOR = YES;
				GCC_WARN_UNINITIALIZED_AUTOS = YES_AGGRESSIVE;
				GCC_WARN_UNUSED_FUNCTION = YES;
				GCC_WARN_UNUSED_VARIABLE = YES;
				IPHONEOS_DEPLOYMENT_TARGET = 15.4;
				MTL_ENABLE_DEBUG_INFO = NO;
				MTL_FAST_MATH = YES;
				SDKROOT = iphoneos;
				SWIFT_COMPILATION_MODE = wholemodule;
				SWIFT_OPTIMIZATION_LEVEL = "-O";
				VALIDATE_PRODUCT = YES;
			};
			name = Release;
		};
		84C5327C281ABF920041EF07 /* Debug */ = {
			isa = XCBuildConfiguration;
			buildSettings = {
				ASSETCATALOG_COMPILER_APPICON_NAME = AppIcon;
				ASSETCATALOG_COMPILER_GLOBAL_ACCENT_COLOR_NAME = AccentColor;
				CODE_SIGN_STYLE = Automatic;
				CURRENT_PROJECT_VERSION = 1;
				DEVELOPMENT_ASSET_PATHS = "\"Scrapbook/Preview Content\"";
				ENABLE_PREVIEWS = YES;
				GENERATE_INFOPLIST_FILE = YES;
				INFOPLIST_KEY_UIApplicationSceneManifest_Generation = YES;
				INFOPLIST_KEY_UIApplicationSupportsIndirectInputEvents = YES;
				INFOPLIST_KEY_UILaunchScreen_Generation = YES;
				INFOPLIST_KEY_UISupportedInterfaceOrientations_iPad = "UIInterfaceOrientationPortrait UIInterfaceOrientationPortraitUpsideDown UIInterfaceOrientationLandscapeLeft UIInterfaceOrientationLandscapeRight";
				INFOPLIST_KEY_UISupportedInterfaceOrientations_iPhone = "UIInterfaceOrientationPortrait UIInterfaceOrientationLandscapeLeft UIInterfaceOrientationLandscapeRight";
				LD_RUNPATH_SEARCH_PATHS = (
					"$(inherited)",
					"@executable_path/Frameworks",
				);
				MARKETING_VERSION = 1.0;
				PRODUCT_BUNDLE_IDENTIFIER = com.tanny.Scrapbook;
				PRODUCT_NAME = "$(TARGET_NAME)";
				SWIFT_EMIT_LOC_STRINGS = YES;
				SWIFT_VERSION = 5.0;
				TARGETED_DEVICE_FAMILY = "1,2";
			};
			name = Debug;
		};
		84C5327D281ABF920041EF07 /* Release */ = {
			isa = XCBuildConfiguration;
			buildSettings = {
				ASSETCATALOG_COMPILER_APPICON_NAME = AppIcon;
				ASSETCATALOG_COMPILER_GLOBAL_ACCENT_COLOR_NAME = AccentColor;
				CODE_SIGN_STYLE = Automatic;
				CURRENT_PROJECT_VERSION = 1;
				DEVELOPMENT_ASSET_PATHS = "\"Scrapbook/Preview Content\"";
				ENABLE_PREVIEWS = YES;
				GENERATE_INFOPLIST_FILE = YES;
				INFOPLIST_KEY_UIApplicationSceneManifest_Generation = YES;
				INFOPLIST_KEY_UIApplicationSupportsIndirectInputEvents = YES;
				INFOPLIST_KEY_UILaunchScreen_Generation = YES;
				INFOPLIST_KEY_UISupportedInterfaceOrientations_iPad = "UIInterfaceOrientationPortrait UIInterfaceOrientationPortraitUpsideDown UIInterfaceOrientationLandscapeLeft UIInterfaceOrientationLandscapeRight";
				INFOPLIST_KEY_UISupportedInterfaceOrientations_iPhone = "UIInterfaceOrientationPortrait UIInterfaceOrientationLandscapeLeft UIInterfaceOrientationLandscapeRight";
				LD_RUNPATH_SEARCH_PATHS = (
					"$(inherited)",
					"@executable_path/Frameworks",
				);
				MARKETING_VERSION = 1.0;
				PRODUCT_BUNDLE_IDENTIFIER = com.tanny.Scrapbook;
				PRODUCT_NAME = "$(TARGET_NAME)";
				SWIFT_EMIT_LOC_STRINGS = YES;
				SWIFT_VERSION = 5.0;
				TARGETED_DEVICE_FAMILY = "1,2";
			};
			name = Release;
		};
		84C5327F281ABF920041EF07 /* Debug */ = {
			isa = XCBuildConfiguration;
			buildSettings = {
				ALWAYS_EMBED_SWIFT_STANDARD_LIBRARIES = YES;
				BUNDLE_LOADER = "$(TEST_HOST)";
				CODE_SIGN_STYLE = Automatic;
				CURRENT_PROJECT_VERSION = 1;
				GENERATE_INFOPLIST_FILE = YES;
				IPHONEOS_DEPLOYMENT_TARGET = 15.4;
				MARKETING_VERSION = 1.0;
				PRODUCT_BUNDLE_IDENTIFIER = com.tanny.ScrapbookTests;
				PRODUCT_NAME = "$(TARGET_NAME)";
				SWIFT_EMIT_LOC_STRINGS = NO;
				SWIFT_VERSION = 5.0;
				TARGETED_DEVICE_FAMILY = "1,2";
				TEST_HOST = "$(BUILT_PRODUCTS_DIR)/Scrapbook.app/Scrapbook";
			};
			name = Debug;
		};
		84C53280281ABF920041EF07 /* Release */ = {
			isa = XCBuildConfiguration;
			buildSettings = {
				ALWAYS_EMBED_SWIFT_STANDARD_LIBRARIES = YES;
				BUNDLE_LOADER = "$(TEST_HOST)";
				CODE_SIGN_STYLE = Automatic;
				CURRENT_PROJECT_VERSION = 1;
				GENERATE_INFOPLIST_FILE = YES;
				IPHONEOS_DEPLOYMENT_TARGET = 15.4;
				MARKETING_VERSION = 1.0;
				PRODUCT_BUNDLE_IDENTIFIER = com.tanny.ScrapbookTests;
				PRODUCT_NAME = "$(TARGET_NAME)";
				SWIFT_EMIT_LOC_STRINGS = NO;
				SWIFT_VERSION = 5.0;
				TARGETED_DEVICE_FAMILY = "1,2";
				TEST_HOST = "$(BUILT_PRODUCTS_DIR)/Scrapbook.app/Scrapbook";
			};
			name = Release;
		};
		84C53282281ABF920041EF07 /* Debug */ = {
			isa = XCBuildConfiguration;
			buildSettings = {
				ALWAYS_EMBED_SWIFT_STANDARD_LIBRARIES = YES;
				CODE_SIGN_STYLE = Automatic;
				CURRENT_PROJECT_VERSION = 1;
				GENERATE_INFOPLIST_FILE = YES;
				MARKETING_VERSION = 1.0;
				PRODUCT_BUNDLE_IDENTIFIER = com.tanny.ScrapbookUITests;
				PRODUCT_NAME = "$(TARGET_NAME)";
				SWIFT_EMIT_LOC_STRINGS = NO;
				SWIFT_VERSION = 5.0;
				TARGETED_DEVICE_FAMILY = "1,2";
				TEST_TARGET_NAME = Scrapbook;
			};
			name = Debug;
		};
		84C53283281ABF920041EF07 /* Release */ = {
			isa = XCBuildConfiguration;
			buildSettings = {
				ALWAYS_EMBED_SWIFT_STANDARD_LIBRARIES = YES;
				CODE_SIGN_STYLE = Automatic;
				CURRENT_PROJECT_VERSION = 1;
				GENERATE_INFOPLIST_FILE = YES;
				MARKETING_VERSION = 1.0;
				PRODUCT_BUNDLE_IDENTIFIER = com.tanny.ScrapbookUITests;
				PRODUCT_NAME = "$(TARGET_NAME)";
				SWIFT_EMIT_LOC_STRINGS = NO;
				SWIFT_VERSION = 5.0;
				TARGETED_DEVICE_FAMILY = "1,2";
				TEST_TARGET_NAME = Scrapbook;
			};
			name = Release;
		};
/* End XCBuildConfiguration section */

/* Begin XCConfigurationList section */
		84C53252281ABF910041EF07 /* Build configuration list for PBXProject "Scrapbook" */ = {
			isa = XCConfigurationList;
			buildConfigurations = (
				84C53279281ABF920041EF07 /* Debug */,
				84C5327A281ABF920041EF07 /* Release */,
			);
			defaultConfigurationIsVisible = 0;
			defaultConfigurationName = Release;
		};
		84C5327B281ABF920041EF07 /* Build configuration list for PBXNativeTarget "Scrapbook" */ = {
			isa = XCConfigurationList;
			buildConfigurations = (
				84C5327C281ABF920041EF07 /* Debug */,
				84C5327D281ABF920041EF07 /* Release */,
			);
			defaultConfigurationIsVisible = 0;
			defaultConfigurationName = Release;
		};
		84C5327E281ABF920041EF07 /* Build configuration list for PBXNativeTarget "ScrapbookTests" */ = {
			isa = XCConfigurationList;
			buildConfigurations = (
				84C5327F281ABF920041EF07 /* Debug */,
				84C53280281ABF920041EF07 /* Release */,
			);
			defaultConfigurationIsVisible = 0;
			defaultConfigurationName = Release;
		};
		84C53281281ABF920041EF07 /* Build configuration list for PBXNativeTarget "ScrapbookUITests" */ = {
			isa = XCConfigurationList;
			buildConfigurations = (
				84C53282281ABF920041EF07 /* Debug */,
				84C53283281ABF920041EF07 /* Release */,
			);
			defaultConfigurationIsVisible = 0;
			defaultConfigurationName = Release;
		};
/* End XCConfigurationList section */
	};
	rootObject = 84C5324F281ABF910041EF07 /* Project object */;
}
